{
  "version": 4,
  "terraform_version": "1.3.7",
  "serial": 13,
  "lineage": "58e0fda0-0dc1-f13e-7632-d0643f581d4f",
  "outputs": {
    "instance": {
      "value": "xpdrt",
      "type": "string"
    },
    "server_name": {
      "value": [
        "10",
        "11"
      ],
      "type": [
        "tuple",
        [
          "string",
          "string"
        ]
      ]
    }
  },
  "resources": [
    {
      "module": "module.Create_instance[\"10\"]",
      "mode": "managed",
      "type": "scaleway_instance_server",
      "name": "mes_instances",
      "provider": "provider[\"registry.terraform.io/scaleway/scaleway\"]",
      "instances": [
        {
          "schema_version": 0,
          "attributes": {
            "additional_volume_ids": null,
            "boot_type": "local",
            "bootscript_id": "fdfe150f-a870-4ce4-b432-9f56b5b995c1",
            "cloud_init": null,
            "enable_dynamic_ip": false,
            "enable_ipv6": false,
            "id": "fr-par-1/83389419-95e1-477d-888d-fccf3fb9f8bb",
            "image": "ubuntu_focal",
            "ip_id": "",
            "ipv6_address": "",
            "ipv6_gateway": "",
            "ipv6_prefix_length": 0,
            "name": "10",
            "organization_id": "7a4710c5-f5ae-4892-a4d9-e0c0860e6f73",
            "placement_group_id": null,
            "placement_group_policy_respected": null,
            "private_ip": "10.69.122.1",
            "private_network": [],
            "project_id": "c7889fe3-377a-416d-8a4c-48f426340e26",
            "public_ip": "",
            "root_volume": [
              {
                "boot": false,
                "delete_on_termination": true,
                "name": "Ubuntu 20.04 Focal Fossa",
                "size_in_gb": 20,
                "volume_id": "fr-par-1/7c30262a-34b9-4219-9a84-e7f338a4feb8",
                "volume_type": "l_ssd"
              }
            ],
            "security_group_id": "fr-par-1/6c50c885-a20b-4de6-8389-31517959dac8",
            "state": "started",
            "tags": null,
            "timeouts": null,
            "type": "DEV1-S",
            "user_data": {},
            "zone": "fr-par-1"
          },
          "sensitive_attributes": [],
          "private": "eyJlMmJmYjczMC1lY2FhLTExZTYtOGY4OC0zNDM2M2JjN2M0YzAiOnsiY3JlYXRlIjo2MDAwMDAwMDAwMDAsImRlZmF1bHQiOjYwMDAwMDAwMDAwMCwiZGVsZXRlIjo2MDAwMDAwMDAwMDAsInJlYWQiOjYwMDAwMDAwMDAwMCwidXBkYXRlIjo2MDAwMDAwMDAwMDB9fQ=="
        }
      ]
    },
    {
      "module": "module.Create_instance[\"11\"]",
      "mode": "managed",
      "type": "scaleway_instance_server",
      "name": "mes_instances",
      "provider": "provider[\"registry.terraform.io/scaleway/scaleway\"]",
      "instances": [
        {
          "schema_version": 0,
          "attributes": {
            "additional_volume_ids": null,
            "boot_type": "local",
            "bootscript_id": "fdfe150f-a870-4ce4-b432-9f56b5b995c1",
            "cloud_init": null,
            "enable_dynamic_ip": false,
            "enable_ipv6": false,
            "id": "fr-par-1/85107fc9-d345-45d8-b3d3-511573ae750e",
            "image": "ubuntu_focal",
            "ip_id": "",
            "ipv6_address": "",
            "ipv6_gateway": "",
            "ipv6_prefix_length": 0,
            "name": "11",
            "organization_id": "7a4710c5-f5ae-4892-a4d9-e0c0860e6f73",
            "placement_group_id": null,
            "placement_group_policy_respected": null,
            "private_ip": "10.74.48.87",
            "private_network": [],
            "project_id": "c7889fe3-377a-416d-8a4c-48f426340e26",
            "public_ip": "",
            "root_volume": [
              {
                "boot": false,
                "delete_on_termination": true,
                "name": "Ubuntu 20.04 Focal Fossa",
                "size_in_gb": 20,
                "volume_id": "fr-par-1/5c8eff22-f8ae-4303-a1e7-519ec66023b4",
                "volume_type": "l_ssd"
              }
            ],
            "security_group_id": "fr-par-1/6c50c885-a20b-4de6-8389-31517959dac8",
            "state": "started",
            "tags": null,
            "timeouts": null,
            "type": "DEV1-S",
            "user_data": {},
            "zone": "fr-par-1"
          },
          "sensitive_attributes": [],
          "private": "eyJlMmJmYjczMC1lY2FhLTExZTYtOGY4OC0zNDM2M2JjN2M0YzAiOnsiY3JlYXRlIjo2MDAwMDAwMDAwMDAsImRlZmF1bHQiOjYwMDAwMDAwMDAwMCwiZGVsZXRlIjo2MDAwMDAwMDAwMDAsInJlYWQiOjYwMDAwMDAwMDAwMCwidXBkYXRlIjo2MDAwMDAwMDAwMDB9fQ=="
        }
      ]
    }
  ],
  "check_results": null
}
