{
  "version": 4,
  "terraform_version": "1.3.7",
  "serial": 24,
  "lineage": "58e0fda0-0dc1-f13e-7632-d0643f581d4f",
  "outputs": {
    "instance": {
      "value": "xpdrt",
      "type": "string"
    },
    "server": {
      "value": [
        {
          "image": "ubuntu_focal",
          "name": "Dan_DEV1_S_1",
          "type": "DEV1-S"
        },
        {
          "image": "ubuntu_focal",
          "name": "Dan_DEV1_S_2",
          "type": "DEV1-S"
        },
        {
          "image": "ubuntu_focal",
          "name": "Dan_DEV1_S_3",
          "type": "DEV1-S"
        },
        {
          "image": "ubuntu_focal",
          "name": "Dan_DEV1_XL_1",
          "type": "DEV1-XL"
        }
      ],
      "type": [
        "tuple",
        [
          [
            "object",
            {
              "image": "string",
              "name": "string",
              "type": "string"
            }
          ],
          [
            "object",
            {
              "image": "string",
              "name": "string",
              "type": "string"
            }
          ],
          [
            "object",
            {
              "image": "string",
              "name": "string",
              "type": "string"
            }
          ],
          [
            "object",
            {
              "image": "string",
              "name": "string",
              "type": "string"
            }
          ]
        ]
      ]
    }
  },
  "resources": [
    {
      "module": "module.Create_instance[\"Dan_DEV1_S_1\"]",
      "mode": "managed",
      "type": "scaleway_instance_server",
      "name": "instance",
      "provider": "provider[\"registry.terraform.io/scaleway/scaleway\"]",
      "instances": [
        {
          "schema_version": 0,
          "attributes": {
            "additional_volume_ids": [
              "fr-par-1/c5d0ebd5-6c81-4007-8019-212ddec8a12e"
            ],
            "boot_type": "local",
            "bootscript_id": "fdfe150f-a870-4ce4-b432-9f56b5b995c1",
            "cloud_init": null,
            "enable_dynamic_ip": false,
            "enable_ipv6": false,
            "id": "fr-par-1/434b506e-5fb1-47bf-b4f1-3dd9475ef4e9",
            "image": "ubuntu_focal",
            "ip_id": "",
            "ipv6_address": "",
            "ipv6_gateway": "",
            "ipv6_prefix_length": 0,
            "name": "Dan_DEV1_S_1",
            "organization_id": "7a4710c5-f5ae-4892-a4d9-e0c0860e6f73",
            "placement_group_id": null,
            "placement_group_policy_respected": null,
            "private_ip": "10.64.98.5",
            "private_network": [],
            "project_id": "c7889fe3-377a-416d-8a4c-48f426340e26",
            "public_ip": "",
            "root_volume": [
              {
                "boot": false,
                "delete_on_termination": true,
                "name": "Ubuntu 20.04 Focal Fossa",
                "size_in_gb": 20,
                "volume_id": "fr-par-1/57798843-2b9d-49f6-9d18-1707309e45eb",
                "volume_type": "l_ssd"
              }
            ],
            "security_group_id": "fr-par-1/6c50c885-a20b-4de6-8389-31517959dac8",
            "state": "started",
            "tags": null,
            "timeouts": null,
            "type": "DEV1-S",
            "user_data": {},
            "zone": "fr-par-1"
          },
          "sensitive_attributes": [],
          "private": "eyJlMmJmYjczMC1lY2FhLTExZTYtOGY4OC0zNDM2M2JjN2M0YzAiOnsiY3JlYXRlIjo2MDAwMDAwMDAwMDAsImRlZmF1bHQiOjYwMDAwMDAwMDAwMCwiZGVsZXRlIjo2MDAwMDAwMDAwMDAsInJlYWQiOjYwMDAwMDAwMDAwMCwidXBkYXRlIjo2MDAwMDAwMDAwMDB9fQ==",
          "dependencies": [
            "module.Create_volume.scaleway_instance_volume.volume"
          ]
        }
      ]
    },
    {
      "module": "module.Create_instance[\"Dan_DEV1_S_2\"]",
      "mode": "managed",
      "type": "scaleway_instance_server",
      "name": "instance",
      "provider": "provider[\"registry.terraform.io/scaleway/scaleway\"]",
      "instances": [
        {
          "schema_version": 0,
          "attributes": {
            "additional_volume_ids": [
              "fr-par-1/49aecef9-5f96-4ef9-94b1-715cef34ff8c"
            ],
            "boot_type": "local",
            "bootscript_id": "fdfe150f-a870-4ce4-b432-9f56b5b995c1",
            "cloud_init": null,
            "enable_dynamic_ip": false,
            "enable_ipv6": false,
            "id": "fr-par-1/d339b4ee-9e9d-456c-83d9-17d9f8f74c9e",
            "image": "ubuntu_focal",
            "ip_id": "",
            "ipv6_address": "",
            "ipv6_gateway": "",
            "ipv6_prefix_length": 0,
            "name": "Dan_DEV1_S_2",
            "organization_id": "7a4710c5-f5ae-4892-a4d9-e0c0860e6f73",
            "placement_group_id": null,
            "placement_group_policy_respected": null,
            "private_ip": "10.65.122.33",
            "private_network": [],
            "project_id": "c7889fe3-377a-416d-8a4c-48f426340e26",
            "public_ip": "",
            "root_volume": [
              {
                "boot": false,
                "delete_on_termination": true,
                "name": "Ubuntu 20.04 Focal Fossa",
                "size_in_gb": 20,
                "volume_id": "fr-par-1/349936bd-4bc1-483c-8fde-7cd43dfdb861",
                "volume_type": "l_ssd"
              }
            ],
            "security_group_id": "fr-par-1/6c50c885-a20b-4de6-8389-31517959dac8",
            "state": "started",
            "tags": null,
            "timeouts": null,
            "type": "DEV1-S",
            "user_data": {},
            "zone": "fr-par-1"
          },
          "sensitive_attributes": [],
          "private": "eyJlMmJmYjczMC1lY2FhLTExZTYtOGY4OC0zNDM2M2JjN2M0YzAiOnsiY3JlYXRlIjo2MDAwMDAwMDAwMDAsImRlZmF1bHQiOjYwMDAwMDAwMDAwMCwiZGVsZXRlIjo2MDAwMDAwMDAwMDAsInJlYWQiOjYwMDAwMDAwMDAwMCwidXBkYXRlIjo2MDAwMDAwMDAwMDB9fQ==",
          "dependencies": [
            "module.Create_volume.scaleway_instance_volume.volume"
          ]
        }
      ]
    },
    {
      "module": "module.Create_instance[\"Dan_DEV1_S_3\"]",
      "mode": "managed",
      "type": "scaleway_instance_server",
      "name": "instance",
      "provider": "provider[\"registry.terraform.io/scaleway/scaleway\"]",
      "instances": [
        {
          "schema_version": 0,
          "attributes": {
            "additional_volume_ids": [
              "fr-par-1/3f62bb78-e16d-4355-a3dc-adcabda1396f"
            ],
            "boot_type": "local",
            "bootscript_id": "fdfe150f-a870-4ce4-b432-9f56b5b995c1",
            "cloud_init": null,
            "enable_dynamic_ip": false,
            "enable_ipv6": false,
            "id": "fr-par-1/5047c7a6-e7b2-476e-92b0-0174ef47a975",
            "image": "ubuntu_focal",
            "ip_id": "",
            "ipv6_address": "",
            "ipv6_gateway": "",
            "ipv6_prefix_length": 0,
            "name": "Dan_DEV1_S_3",
            "organization_id": "7a4710c5-f5ae-4892-a4d9-e0c0860e6f73",
            "placement_group_id": null,
            "placement_group_policy_respected": null,
            "private_ip": "10.64.236.21",
            "private_network": [],
            "project_id": "c7889fe3-377a-416d-8a4c-48f426340e26",
            "public_ip": "",
            "root_volume": [
              {
                "boot": false,
                "delete_on_termination": true,
                "name": "Ubuntu 20.04 Focal Fossa",
                "size_in_gb": 20,
                "volume_id": "fr-par-1/9f90069d-cc31-4856-b01e-5d3a2e162d0b",
                "volume_type": "l_ssd"
              }
            ],
            "security_group_id": "fr-par-1/6c50c885-a20b-4de6-8389-31517959dac8",
            "state": "started",
            "tags": null,
            "timeouts": null,
            "type": "DEV1-S",
            "user_data": {},
            "zone": "fr-par-1"
          },
          "sensitive_attributes": [],
          "private": "eyJlMmJmYjczMC1lY2FhLTExZTYtOGY4OC0zNDM2M2JjN2M0YzAiOnsiY3JlYXRlIjo2MDAwMDAwMDAwMDAsImRlZmF1bHQiOjYwMDAwMDAwMDAwMCwiZGVsZXRlIjo2MDAwMDAwMDAwMDAsInJlYWQiOjYwMDAwMDAwMDAwMCwidXBkYXRlIjo2MDAwMDAwMDAwMDB9fQ==",
          "dependencies": [
            "module.Create_volume.scaleway_instance_volume.volume"
          ]
        }
      ]
    },
    {
      "module": "module.Create_instance[\"Dan_DEV1_XL_1\"]",
      "mode": "managed",
      "type": "scaleway_instance_server",
      "name": "instance",
      "provider": "provider[\"registry.terraform.io/scaleway/scaleway\"]",
      "instances": [
        {
          "schema_version": 0,
          "attributes": {
            "additional_volume_ids": [
              "fr-par-1/98468a1e-c05b-453b-bf56-9924289ba21e"
            ],
            "boot_type": "local",
            "bootscript_id": "fdfe150f-a870-4ce4-b432-9f56b5b995c1",
            "cloud_init": null,
            "enable_dynamic_ip": false,
            "enable_ipv6": false,
            "id": "fr-par-1/db72eb4a-4165-459e-86eb-2c9d26f85c6e",
            "image": "ubuntu_focal",
            "ip_id": "",
            "ipv6_address": "",
            "ipv6_gateway": "",
            "ipv6_prefix_length": 0,
            "name": "Dan_DEV1_XL_1",
            "organization_id": "7a4710c5-f5ae-4892-a4d9-e0c0860e6f73",
            "placement_group_id": null,
            "placement_group_policy_respected": null,
            "private_ip": "10.69.6.19",
            "private_network": [],
            "project_id": "c7889fe3-377a-416d-8a4c-48f426340e26",
            "public_ip": "",
            "root_volume": [
              {
                "boot": false,
                "delete_on_termination": true,
                "name": "Ubuntu 20.04 Focal Fossa",
                "size_in_gb": 120,
                "volume_id": "fr-par-1/1f9d8930-3818-4b83-aa80-9ec6ff64fda8",
                "volume_type": "l_ssd"
              }
            ],
            "security_group_id": "fr-par-1/6c50c885-a20b-4de6-8389-31517959dac8",
            "state": "started",
            "tags": null,
            "timeouts": null,
            "type": "DEV1-XL",
            "user_data": {},
            "zone": "fr-par-1"
          },
          "sensitive_attributes": [],
          "private": "eyJlMmJmYjczMC1lY2FhLTExZTYtOGY4OC0zNDM2M2JjN2M0YzAiOnsiY3JlYXRlIjo2MDAwMDAwMDAwMDAsImRlZmF1bHQiOjYwMDAwMDAwMDAwMCwiZGVsZXRlIjo2MDAwMDAwMDAwMDAsInJlYWQiOjYwMDAwMDAwMDAwMCwidXBkYXRlIjo2MDAwMDAwMDAwMDB9fQ==",
          "dependencies": [
            "module.Create_volume.scaleway_instance_volume.volume"
          ]
        }
      ]
    },
    {
      "module": "module.Create_volume[\"Dan_DEV1_S_1\"]",
      "mode": "managed",
      "type": "scaleway_instance_volume",
      "name": "volume",
      "provider": "provider[\"registry.terraform.io/scaleway/scaleway\"]",
      "instances": [
        {
          "schema_version": 0,
          "attributes": {
            "from_snapshot_id": null,
            "from_volume_id": null,
            "id": "fr-par-1/c5d0ebd5-6c81-4007-8019-212ddec8a12e",
            "name": "volume-Dan_DEV1_S_1",
            "organization_id": "7a4710c5-f5ae-4892-a4d9-e0c0860e6f73",
            "project_id": "c7889fe3-377a-416d-8a4c-48f426340e26",
            "server_id": "",
            "size_in_gb": 30,
            "tags": null,
            "timeouts": null,
            "type": "b_ssd",
            "zone": "fr-par-1"
          },
          "sensitive_attributes": [],
          "private": "eyJlMmJmYjczMC1lY2FhLTExZTYtOGY4OC0zNDM2M2JjN2M0YzAiOnsiY3JlYXRlIjo2MDAwMDAwMDAwMDAsImRlZmF1bHQiOjYwMDAwMDAwMDAwMCwiZGVsZXRlIjo2MDAwMDAwMDAwMDAsInJlYWQiOjYwMDAwMDAwMDAwMCwidXBkYXRlIjo2MDAwMDAwMDAwMDB9fQ=="
        }
      ]
    },
    {
      "module": "module.Create_volume[\"Dan_DEV1_S_2\"]",
      "mode": "managed",
      "type": "scaleway_instance_volume",
      "name": "volume",
      "provider": "provider[\"registry.terraform.io/scaleway/scaleway\"]",
      "instances": [
        {
          "schema_version": 0,
          "attributes": {
            "from_snapshot_id": null,
            "from_volume_id": null,
            "id": "fr-par-1/49aecef9-5f96-4ef9-94b1-715cef34ff8c",
            "name": "volume-Dan_DEV1_S_2",
            "organization_id": "7a4710c5-f5ae-4892-a4d9-e0c0860e6f73",
            "project_id": "c7889fe3-377a-416d-8a4c-48f426340e26",
            "server_id": "",
            "size_in_gb": 30,
            "tags": null,
            "timeouts": null,
            "type": "b_ssd",
            "zone": "fr-par-1"
          },
          "sensitive_attributes": [],
          "private": "eyJlMmJmYjczMC1lY2FhLTExZTYtOGY4OC0zNDM2M2JjN2M0YzAiOnsiY3JlYXRlIjo2MDAwMDAwMDAwMDAsImRlZmF1bHQiOjYwMDAwMDAwMDAwMCwiZGVsZXRlIjo2MDAwMDAwMDAwMDAsInJlYWQiOjYwMDAwMDAwMDAwMCwidXBkYXRlIjo2MDAwMDAwMDAwMDB9fQ=="
        }
      ]
    },
    {
      "module": "module.Create_volume[\"Dan_DEV1_S_3\"]",
      "mode": "managed",
      "type": "scaleway_instance_volume",
      "name": "volume",
      "provider": "provider[\"registry.terraform.io/scaleway/scaleway\"]",
      "instances": [
        {
          "schema_version": 0,
          "attributes": {
            "from_snapshot_id": null,
            "from_volume_id": null,
            "id": "fr-par-1/3f62bb78-e16d-4355-a3dc-adcabda1396f",
            "name": "volume-Dan_DEV1_S_3",
            "organization_id": "7a4710c5-f5ae-4892-a4d9-e0c0860e6f73",
            "project_id": "c7889fe3-377a-416d-8a4c-48f426340e26",
            "server_id": "",
            "size_in_gb": 30,
            "tags": null,
            "timeouts": null,
            "type": "b_ssd",
            "zone": "fr-par-1"
          },
          "sensitive_attributes": [],
          "private": "eyJlMmJmYjczMC1lY2FhLTExZTYtOGY4OC0zNDM2M2JjN2M0YzAiOnsiY3JlYXRlIjo2MDAwMDAwMDAwMDAsImRlZmF1bHQiOjYwMDAwMDAwMDAwMCwiZGVsZXRlIjo2MDAwMDAwMDAwMDAsInJlYWQiOjYwMDAwMDAwMDAwMCwidXBkYXRlIjo2MDAwMDAwMDAwMDB9fQ=="
        }
      ]
    },
    {
      "module": "module.Create_volume[\"Dan_DEV1_XL_1\"]",
      "mode": "managed",
      "type": "scaleway_instance_volume",
      "name": "volume",
      "provider": "provider[\"registry.terraform.io/scaleway/scaleway\"]",
      "instances": [
        {
          "schema_version": 0,
          "attributes": {
            "from_snapshot_id": null,
            "from_volume_id": null,
            "id": "fr-par-1/98468a1e-c05b-453b-bf56-9924289ba21e",
            "name": "volume-Dan_DEV1_XL_1",
            "organization_id": "7a4710c5-f5ae-4892-a4d9-e0c0860e6f73",
            "project_id": "c7889fe3-377a-416d-8a4c-48f426340e26",
            "server_id": "",
            "size_in_gb": 30,
            "tags": null,
            "timeouts": null,
            "type": "b_ssd",
            "zone": "fr-par-1"
          },
          "sensitive_attributes": [],
          "private": "eyJlMmJmYjczMC1lY2FhLTExZTYtOGY4OC0zNDM2M2JjN2M0YzAiOnsiY3JlYXRlIjo2MDAwMDAwMDAwMDAsImRlZmF1bHQiOjYwMDAwMDAwMDAwMCwiZGVsZXRlIjo2MDAwMDAwMDAwMDAsInJlYWQiOjYwMDAwMDAwMDAwMCwidXBkYXRlIjo2MDAwMDAwMDAwMDB9fQ=="
        }
      ]
    }
  ],
  "check_results": null
}
